{
    "name": "job-app-tracker",
    "version": "1.0.0",
    "lockfileVersion": 3,
    "requires": true,
    "packages": {
        "": {
            "name": "job-app-tracker",
            "version": "1.0.0",
            "engines": {
                "node": "18.17.0",
                "npm": "9.6.7"
            }
        }
    }
}
